
Microsoft Visual Studio Solution File, Format Version 12.00
# Visual Studio Version 17
VisualStudioVersion = 17.11.35431.28
MinimumVisualStudioVersion = 10.0.40219.1
Project("{D2ABAB84-BF74-430A-B69E-9DC6D40DDA17}") = "SSAS_project", "SSAS_project.dwproj", "{CAD9AD1B-1D6B-4E5B-B3DB-C292E691B982}"
EndProject
Global
	GlobalSection(SolutionConfigurationPlatforms) = preSolution
		Development|Default = Development|Default
	EndGlobalSection
	GlobalSection(ProjectConfigurationPlatforms) = postSolution
		{CAD9AD1B-1D6B-4E5B-B3DB-C292E691B982}.Development|Default.ActiveCfg = Development
		{CAD9AD1B-1D6B-4E5B-B3DB-C292E691B982}.Development|Default.Build.0 = Development
		{CAD9AD1B-1D6B-4E5B-B3DB-C292E691B982}.Development|Default.Deploy.0 = Development
	EndGlobalSection
	GlobalSection(SolutionProperties) = preSolution
		HideSolutionNode = FALSE
	EndGlobalSection
	GlobalSection(ExtensibilityGlobals) = postSolution
		SolutionGuid = {AFE88D11-B87A-487D-AFDE-759CF60A3832}
	EndGlobalSection
EndGlobal
